
Microsoft Visual Studio Solution File, Format Version 12.00
# Visual Studio Version 16
VisualStudioVersion = 16.0.30804.86
MinimumVisualStudioVersion = 10.0.40219.1
Project("{FAE04EC0-301F-11D3-BF4B-00C04F79EFBC}") = "AdventOfCode2021", "AdventOfCode2021\AdventOfCode2021.csproj", "{B5BB961F-0D92-47C7-BF1E-C9D046F8623E}"
EndProject
Global
	GlobalSection(SolutionConfigurationPlatforms) = preSolution
		Debug|Any CPU = Debug|Any CPU
		Release|Any CPU = Release|Any CPU
	EndGlobalSection
	GlobalSection(ProjectConfigurationPlatforms) = postSolution
		{B5BB961F-0D92-47C7-BF1E-C9D046F8623E}.Debug|Any CPU.ActiveCfg = Debug|Any CPU
		{B5BB961F-0D92-47C7-BF1E-C9D046F8623E}.Debug|Any CPU.Build.0 = Debug|Any CPU
		{B5BB961F-0D92-47C7-BF1E-C9D046F8623E}.Release|Any CPU.ActiveCfg = Release|Any CPU
		{B5BB961F-0D92-47C7-BF1E-C9D046F8623E}.Release|Any CPU.Build.0 = Release|Any CPU
	EndGlobalSection
	GlobalSection(SolutionProperties) = preSolution
		HideSolutionNode = FALSE
	EndGlobalSection
	GlobalSection(ExtensibilityGlobals) = postSolution
		SolutionGuid = {8E6948B8-4A25-4BC7-88BE-FB56018642ED}
	EndGlobalSection
EndGlobal
